
Microsoft Visual Studio Solution File, Format Version 12.00
# Visual Studio Version 16
VisualStudioVersion = 16.0.31205.134
MinimumVisualStudioVersion = 10.0.40219.1
Project("{FAE04EC0-301F-11D3-BF4B-00C04F79EFBC}") = "WebMain", "WebMain\WebMain.csproj", "{7C54E715-0E08-45C2-B2E0-CA354057EE7A}"
EndProject
Global
	GlobalSection(SolutionConfigurationPlatforms) = preSolution
		Debug|Any CPU = Debug|Any CPU
		Release|Any CPU = Release|Any CPU
	EndGlobalSection
	GlobalSection(ProjectConfigurationPlatforms) = postSolution
		{7C54E715-0E08-45C2-B2E0-CA354057EE7A}.Debug|Any CPU.ActiveCfg = Debug|Any CPU
		{7C54E715-0E08-45C2-B2E0-CA354057EE7A}.Debug|Any CPU.Build.0 = Debug|Any CPU
		{7C54E715-0E08-45C2-B2E0-CA354057EE7A}.Release|Any CPU.ActiveCfg = Release|Any CPU
		{7C54E715-0E08-45C2-B2E0-CA354057EE7A}.Release|Any CPU.Build.0 = Release|Any CPU
	EndGlobalSection
	GlobalSection(SolutionProperties) = preSolution
		HideSolutionNode = FALSE
	EndGlobalSection
	GlobalSection(ExtensibilityGlobals) = postSolution
		SolutionGuid = {9A4AF76C-7C6B-4BE8-A77C-585D3485FEC5}
	EndGlobalSection
EndGlobal
